# This file is automatically @generated by Cargo.
# It is not intended for manual editing.
[[package]]
name = "aho-corasick"
version = "0.7.15"
source = "registry+https://github.com/rust-lang/crates.io-index"
checksum = "7404febffaa47dac81aa44dba71523c9d069b1bdc50a77db41195149e17f68e5"
dependencies = [
 "memchr",
]

[[package]]
name = "ansi_term"
version = "0.11.0"
source = "registry+https://github.com/rust-lang/crates.io-index"
checksum = "ee49baf6cb617b853aa8d93bf420db2383fab46d314482ca2803b40d5fde979b"
dependencies = [
 "winapi",
]

[[package]]
name = "atty"
version = "0.2.14"
source = "registry+https://github.com/rust-lang/crates.io-index"
checksum = "d9b39be18770d11421cdb1b9947a45dd3f37e93092cbf377614828a319d5fee8"
dependencies = [
 "hermit-abi",
 "libc",
 "winapi",
]

[[package]]
name = "autocfg"
version = "1.0.1"
source = "registry+https://github.com/rust-lang/crates.io-index"
checksum = "cdb031dd78e28731d87d56cc8ffef4a8f36ca26c38fe2de700543e627f8a464a"

[[package]]
name = "bitflags"
version = "1.2.1"
source = "registry+https://github.com/rust-lang/crates.io-index"
checksum = "cf1de2fe8c75bc145a2f577add951f8134889b4795d47466a54a5c846d691693"

[[package]]
name = "bytes"
version = "1.0.0"
source = "registry+https://github.com/rust-lang/crates.io-index"
checksum = "ad1f8e949d755f9d79112b5bb46938e0ef9d3804a0b16dfab13aafcaa5f0fa72"

[[package]]
name = "cfg-if"
version = "1.0.0"
source = "registry+https://github.com/rust-lang/crates.io-index"
checksum = "baf1de4339761588bc0619e3cbc0120ee582ebb74b53b4efbf79117bd2da40fd"

[[package]]
name = "clap"
version = "2.33.3"
source = "registry+https://github.com/rust-lang/crates.io-index"
checksum = "37e58ac78573c40708d45522f0d80fa2f01cc4f9b4e2bf749807255454312002"
dependencies = [
 "ansi_term",
 "atty",
 "bitflags",
 "strsim",
 "textwrap",
 "unicode-width",
 "vec_map",
]

[[package]]
name = "enum-display-derive"
version = "0.1.0"
source = "registry+https://github.com/rust-lang/crates.io-index"
checksum = "53f76eb63c4bfc6fce5000f106254701b741fc9a65ee08445fde0ff39e583f1c"
dependencies = [
 "quote 0.3.15",
 "syn 0.11.11",
]

[[package]]
name = "errno"
version = "0.2.7"
source = "registry+https://github.com/rust-lang/crates.io-index"
checksum = "fa68f2fb9cae9d37c9b2b3584aba698a2e97f72d7aef7b9f7aa71d8b54ce46fe"
dependencies = [
 "errno-dragonfly",
 "libc",
 "winapi",
]

[[package]]
name = "errno-dragonfly"
version = "0.1.1"
source = "registry+https://github.com/rust-lang/crates.io-index"
checksum = "14ca354e36190500e1e1fb267c647932382b54053c50b14970856c0b00a35067"
dependencies = [
 "gcc",
 "libc",
]

[[package]]
name = "futures"
version = "0.3.12"
source = "registry+https://github.com/rust-lang/crates.io-index"
checksum = "da9052a1a50244d8d5aa9bf55cbc2fb6f357c86cc52e46c62ed390a7180cf150"
dependencies = [
 "futures-channel",
 "futures-core",
 "futures-executor",
 "futures-io",
 "futures-sink",
 "futures-task",
 "futures-util",
]

[[package]]
name = "futures-channel"
version = "0.3.12"
source = "registry+https://github.com/rust-lang/crates.io-index"
checksum = "f2d31b7ec7efab6eefc7c57233bb10b847986139d88cc2f5a02a1ae6871a1846"
dependencies = [
 "futures-core",
 "futures-sink",
]

[[package]]
name = "futures-core"
version = "0.3.12"
source = "registry+https://github.com/rust-lang/crates.io-index"
checksum = "79e5145dde8da7d1b3892dad07a9c98fc04bc39892b1ecc9692cf53e2b780a65"

[[package]]
name = "futures-executor"
version = "0.3.12"
source = "registry+https://github.com/rust-lang/crates.io-index"
checksum = "e9e59fdc009a4b3096bf94f740a0f2424c082521f20a9b08c5c07c48d90fd9b9"
dependencies = [
 "futures-core",
 "futures-task",
 "futures-util",
]

[[package]]
name = "futures-io"
version = "0.3.12"
source = "registry+https://github.com/rust-lang/crates.io-index"
checksum = "28be053525281ad8259d47e4de5de657b25e7bac113458555bb4b70bc6870500"

[[package]]
name = "futures-macro"
version = "0.3.12"
source = "registry+https://github.com/rust-lang/crates.io-index"
checksum = "c287d25add322d9f9abdcdc5927ca398917996600182178774032e9f8258fedd"
dependencies = [
 "proc-macro-hack",
 "proc-macro2",
 "quote 1.0.8",
 "syn 1.0.58",
]

[[package]]
name = "futures-sink"
version = "0.3.12"
source = "registry+https://github.com/rust-lang/crates.io-index"
checksum = "caf5c69029bda2e743fddd0582d1083951d65cc9539aebf8812f36c3491342d6"

[[package]]
name = "futures-task"
version = "0.3.12"
source = "registry+https://github.com/rust-lang/crates.io-index"
checksum = "13de07eb8ea81ae445aca7b69f5f7bf15d7bf4912d8ca37d6645c77ae8a58d86"
dependencies = [
 "once_cell",
]

[[package]]
name = "futures-util"
version = "0.3.12"
source = "registry+https://github.com/rust-lang/crates.io-index"
checksum = "632a8cd0f2a4b3fdea1657f08bde063848c3bd00f9bbf6e256b8be78802e624b"
dependencies = [
 "futures-channel",
 "futures-core",
 "futures-io",
 "futures-macro",
 "futures-sink",
 "futures-task",
 "memchr",
 "pin-project-lite",
 "pin-utils",
 "proc-macro-hack",
 "proc-macro-nested",
 "slab",
]

[[package]]
name = "gcc"
version = "0.3.55"
source = "registry+https://github.com/rust-lang/crates.io-index"
checksum = "8f5f3913fa0bfe7ee1fd8248b6b9f42a5af4b9d65ec2dd2c3c26132b950ecfc2"

[[package]]
name = "heck"
version = "0.3.2"
source = "registry+https://github.com/rust-lang/crates.io-index"
checksum = "87cbf45460356b7deeb5e3415b5563308c0a9b057c85e12b06ad551f98d0a6ac"
dependencies = [
 "unicode-segmentation",
]

[[package]]
name = "hermit-abi"
version = "0.1.17"
source = "registry+https://github.com/rust-lang/crates.io-index"
checksum = "5aca5565f760fb5b220e499d72710ed156fdb74e631659e99377d9ebfbd13ae8"
dependencies = [
 "libc",
]

[[package]]
name = "lazy_static"
version = "1.4.0"
source = "registry+https://github.com/rust-lang/crates.io-index"
checksum = "e2abad23fbc42b3700f2f279844dc832adb2b2eb069b2df918f455c4e18cc646"

[[package]]
name = "libc"
version = "0.2.82"
source = "registry+https://github.com/rust-lang/crates.io-index"
checksum = "89203f3fba0a3795506acaad8ebce3c80c0af93f994d5a1d7a0b1eeb23271929"

[[package]]
name = "memchr"
version = "2.3.4"
source = "registry+https://github.com/rust-lang/crates.io-index"
checksum = "0ee1c47aaa256ecabcaea351eae4a9b01ef39ed810004e298d2511ed284b1525"

[[package]]
name = "nonblock"
version = "0.1.0"
source = "registry+https://github.com/rust-lang/crates.io-index"
checksum = "796141c8358fc4ce8cbe66b71b57c52eb510ee13289695e43db6843d6f202173"
dependencies = [
 "libc",
]

[[package]]
name = "num"
version = "0.3.1"
source = "registry+https://github.com/rust-lang/crates.io-index"
checksum = "8b7a8e9be5e039e2ff869df49155f1c06bd01ade2117ec783e56ab0932b67a8f"
dependencies = [
 "num-bigint",
 "num-complex",
 "num-integer",
 "num-iter",
 "num-rational",
 "num-traits",
]

[[package]]
name = "num-bigint"
version = "0.3.1"
source = "registry+https://github.com/rust-lang/crates.io-index"
checksum = "5e9a41747ae4633fce5adffb4d2e81ffc5e89593cb19917f8fb2cc5ff76507bf"
dependencies = [
 "autocfg",
 "num-integer",
 "num-traits",
]

[[package]]
name = "num-complex"
version = "0.3.1"
source = "registry+https://github.com/rust-lang/crates.io-index"
checksum = "747d632c0c558b87dbabbe6a82f3b4ae03720d0646ac5b7b4dae89394be5f2c5"
dependencies = [
 "num-traits",
]

[[package]]
name = "num-derive"
version = "0.3.3"
source = "registry+https://github.com/rust-lang/crates.io-index"
checksum = "876a53fff98e03a936a674b29568b0e605f06b29372c2489ff4de23f1949743d"
dependencies = [
 "proc-macro2",
 "quote 1.0.8",
 "syn 1.0.58",
]

[[package]]
name = "num-integer"
version = "0.1.44"
source = "registry+https://github.com/rust-lang/crates.io-index"
checksum = "d2cc698a63b549a70bc047073d2949cce27cd1c7b0a4a862d08a8031bc2801db"
dependencies = [
 "autocfg",
 "num-traits",
]

[[package]]
name = "num-iter"
version = "0.1.42"
source = "registry+https://github.com/rust-lang/crates.io-index"
checksum = "b2021c8337a54d21aca0d59a92577a029af9431cb59b909b03252b9c164fad59"
dependencies = [
 "autocfg",
 "num-integer",
 "num-traits",
]

[[package]]
name = "num-rational"
version = "0.3.2"
source = "registry+https://github.com/rust-lang/crates.io-index"
checksum = "12ac428b1cb17fce6f731001d307d351ec70a6d202fc2e60f7d4c5e42d8f4f07"
dependencies = [
 "autocfg",
 "num-bigint",
 "num-integer",
 "num-traits",
]

[[package]]
name = "num-traits"
version = "0.2.14"
source = "registry+https://github.com/rust-lang/crates.io-index"
checksum = "9a64b1ec5cda2586e284722486d802acf1f7dbdc623e2bfc57e65ca1cd099290"
dependencies = [
 "autocfg",
]

[[package]]
name = "once_cell"
version = "1.5.2"
source = "registry+https://github.com/rust-lang/crates.io-index"
checksum = "13bd41f508810a131401606d54ac32a467c97172d74ba7662562ebba5ad07fa0"

[[package]]
name = "pin-project"
version = "1.0.4"
source = "registry+https://github.com/rust-lang/crates.io-index"
checksum = "95b70b68509f17aa2857863b6fa00bf21fc93674c7a8893de2f469f6aa7ca2f2"
dependencies = [
 "pin-project-internal",
]

[[package]]
name = "pin-project-internal"
version = "1.0.4"
source = "registry+https://github.com/rust-lang/crates.io-index"
checksum = "caa25a6393f22ce819b0f50e0be89287292fda8d425be38ee0ca14c4931d9e71"
dependencies = [
 "proc-macro2",
 "quote 1.0.8",
 "syn 1.0.58",
]

[[package]]
name = "pin-project-lite"
version = "0.2.4"
source = "registry+https://github.com/rust-lang/crates.io-index"
checksum = "439697af366c49a6d0a010c56a0d97685bc140ce0d377b13a2ea2aa42d64a827"

[[package]]
name = "pin-utils"
version = "0.1.0"
source = "registry+https://github.com/rust-lang/crates.io-index"
checksum = "8b870d8c151b6f2fb93e84a13146138f05d02ed11c7e7c54f8826aaaf7c9f184"

[[package]]
name = "proc-macro-hack"
version = "0.5.19"
source = "registry+https://github.com/rust-lang/crates.io-index"
checksum = "dbf0c48bc1d91375ae5c3cd81e3722dff1abcf81a30960240640d223f59fe0e5"

[[package]]
name = "proc-macro-nested"
version = "0.1.6"
source = "registry+https://github.com/rust-lang/crates.io-index"
checksum = "eba180dafb9038b050a4c280019bbedf9f2467b61e5d892dcad585bb57aadc5a"

[[package]]
name = "proc-macro2"
version = "1.0.24"
source = "registry+https://github.com/rust-lang/crates.io-index"
checksum = "1e0704ee1a7e00d7bb417d0770ea303c1bccbabf0ef1667dae92b5967f5f8a71"
dependencies = [
 "unicode-xid 0.2.1",
]

[[package]]
name = "quote"
version = "0.3.15"
source = "registry+https://github.com/rust-lang/crates.io-index"
checksum = "7a6e920b65c65f10b2ae65c831a81a073a89edd28c7cce89475bff467ab4167a"

[[package]]
name = "quote"
version = "1.0.8"
source = "registry+https://github.com/rust-lang/crates.io-index"
checksum = "991431c3519a3f36861882da93630ce66b52918dcf1b8e2fd66b397fc96f28df"
dependencies = [
 "proc-macro2",
]

[[package]]
name = "regex"
version = "1.4.3"
source = "registry+https://github.com/rust-lang/crates.io-index"
checksum = "d9251239e129e16308e70d853559389de218ac275b515068abc96829d05b948a"
dependencies = [
 "aho-corasick",
 "memchr",
 "regex-syntax",
 "thread_local",
]

[[package]]
name = "regex-syntax"
version = "0.6.22"
source = "registry+https://github.com/rust-lang/crates.io-index"
checksum = "b5eb417147ba9860a96cfe72a0b93bf88fee1744b5636ec99ab20c1aa9376581"

[[package]]
name = "rmesg"
version = "1.0.11"
dependencies = [
 "cfg-if",
 "clap",
 "enum-display-derive",
 "errno",
 "futures",
 "futures-util",
 "lazy_static",
 "libc",
 "nonblock",
 "num",
 "num-derive",
 "num-traits",
 "pin-project",
 "regex",
 "serde",
 "strum",
 "strum_macros",
 "tokio",
 "tokio-stream",
]

[[package]]
name = "serde"
version = "1.0.120"
source = "registry+https://github.com/rust-lang/crates.io-index"
checksum = "166b2349061381baf54a58e4b13c89369feb0ef2eaa57198899e2312aac30aab"
dependencies = [
 "serde_derive",
]

[[package]]
name = "serde_derive"
version = "1.0.120"
source = "registry+https://github.com/rust-lang/crates.io-index"
checksum = "0ca2a8cb5805ce9e3b95435e3765b7b553cecc762d938d409434338386cb5775"
dependencies = [
 "proc-macro2",
 "quote 1.0.8",
 "syn 1.0.58",
]

[[package]]
name = "slab"
version = "0.4.2"
source = "registry+https://github.com/rust-lang/crates.io-index"
checksum = "c111b5bd5695e56cffe5129854aa230b39c93a305372fdbb2668ca2394eea9f8"

[[package]]
name = "strsim"
version = "0.8.0"
source = "registry+https://github.com/rust-lang/crates.io-index"
checksum = "8ea5119cdb4c55b55d432abb513a0429384878c15dde60cc77b1c99de1a95a6a"

[[package]]
name = "strum"
version = "0.20.0"
source = "registry+https://github.com/rust-lang/crates.io-index"
checksum = "7318c509b5ba57f18533982607f24070a55d353e90d4cae30c467cdb2ad5ac5c"

[[package]]
name = "strum_macros"
version = "0.20.1"
source = "registry+https://github.com/rust-lang/crates.io-index"
checksum = "ee8bc6b87a5112aeeab1f4a9f7ab634fe6cbefc4850006df31267f4cfb9e3149"
dependencies = [
 "heck",
 "proc-macro2",
 "quote 1.0.8",
 "syn 1.0.58",
]

[[package]]
name = "syn"
version = "0.11.11"
source = "registry+https://github.com/rust-lang/crates.io-index"
checksum = "d3b891b9015c88c576343b9b3e41c2c11a51c219ef067b264bd9c8aa9b441dad"
dependencies = [
 "quote 0.3.15",
 "synom",
 "unicode-xid 0.0.4",
]

[[package]]
name = "syn"
version = "1.0.58"
source = "registry+https://github.com/rust-lang/crates.io-index"
checksum = "cc60a3d73ea6594cd712d830cc1f0390fd71542d8c8cd24e70cc54cdfd5e05d5"
dependencies = [
 "proc-macro2",
 "quote 1.0.8",
 "unicode-xid 0.2.1",
]

[[package]]
name = "synom"
version = "0.11.3"
source = "registry+https://github.com/rust-lang/crates.io-index"
checksum = "a393066ed9010ebaed60b9eafa373d4b1baac186dd7e008555b0f702b51945b6"
dependencies = [
 "unicode-xid 0.0.4",
]

[[package]]
name = "textwrap"
version = "0.11.0"
source = "registry+https://github.com/rust-lang/crates.io-index"
checksum = "d326610f408c7a4eb6f51c37c330e496b08506c9457c9d34287ecc38809fb060"
dependencies = [
 "unicode-width",
]

[[package]]
name = "thread_local"
version = "1.0.1"
source = "registry+https://github.com/rust-lang/crates.io-index"
checksum = "d40c6d1b69745a6ec6fb1ca717914848da4b44ae29d9b3080cbee91d72a69b14"
dependencies = [
 "lazy_static",
]

[[package]]
name = "tokio"
version = "1.1.0"
source = "registry+https://github.com/rust-lang/crates.io-index"
checksum = "8efab2086f17abcddb8f756117665c958feee6b2e39974c2f1600592ab3a4195"
dependencies = [
 "autocfg",
 "bytes",
 "memchr",
 "pin-project-lite",
 "tokio-macros",
]

[[package]]
name = "tokio-macros"
version = "1.0.0"
source = "registry+https://github.com/rust-lang/crates.io-index"
checksum = "42517d2975ca3114b22a16192634e8241dc5cc1f130be194645970cc1c371494"
dependencies = [
 "proc-macro2",
 "quote 1.0.8",
 "syn 1.0.58",
]

[[package]]
name = "tokio-stream"
version = "0.1.2"
source = "registry+https://github.com/rust-lang/crates.io-index"
checksum = "76066865172052eb8796c686f0b441a93df8b08d40a950b062ffb9a426f00edd"
dependencies = [
 "futures-core",
 "pin-project-lite",
 "tokio",
]

[[package]]
name = "unicode-segmentation"
version = "1.7.1"
source = "registry+https://github.com/rust-lang/crates.io-index"
checksum = "bb0d2e7be6ae3a5fa87eed5fb451aff96f2573d2694942e40543ae0bbe19c796"

[[package]]
name = "unicode-width"
version = "0.1.8"
source = "registry+https://github.com/rust-lang/crates.io-index"
checksum = "9337591893a19b88d8d87f2cec1e73fad5cdfd10e5a6f349f498ad6ea2ffb1e3"

[[package]]
name = "unicode-xid"
version = "0.0.4"
source = "registry+https://github.com/rust-lang/crates.io-index"
checksum = "8c1f860d7d29cf02cb2f3f359fd35991af3d30bac52c57d265a3c461074cb4dc"

[[package]]
name = "unicode-xid"
version = "0.2.1"
source = "registry+https://github.com/rust-lang/crates.io-index"
checksum = "f7fe0bb3479651439c9112f72b6c505038574c9fbb575ed1bf3b797fa39dd564"

[[package]]
name = "vec_map"
version = "0.8.2"
source = "registry+https://github.com/rust-lang/crates.io-index"
checksum = "f1bddf1187be692e79c5ffeab891132dfb0f236ed36a43c7ed39f1165ee20191"

[[package]]
name = "winapi"
version = "0.3.9"
source = "registry+https://github.com/rust-lang/crates.io-index"
checksum = "5c839a674fcd7a98952e593242ea400abe93992746761e38641405d28b00f419"
dependencies = [
 "winapi-i686-pc-windows-gnu",
 "winapi-x86_64-pc-windows-gnu",
]

[[package]]
name = "winapi-i686-pc-windows-gnu"
version = "0.4.0"
source = "registry+https://github.com/rust-lang/crates.io-index"
checksum = "ac3b87c63620426dd9b991e5ce0329eff545bccbbb34f3be09ff6fb6ab51b7b6"

[[package]]
name = "winapi-x86_64-pc-windows-gnu"
version = "0.4.0"
source = "registry+https://github.com/rust-lang/crates.io-index"
checksum = "712e227841d057c1ee1cd2fb22fa7e5a5461ae8e48fa2ca79ec42cfc1931183f"
